{
    "name": "rdc-nut",
    "version": "0.1.0",
    "lockfileVersion": 1,
    "requires": true,
    "dependencies": {
        "lodash": {
            "version": "4.17.11",
            "resolved": "http://rnpm.hz.netease.com/lodash/download/lodash-4.17.11.tgz",
            "integrity": "sha1-s56mIp72B+zYniyN8SU2iRysm40="
        },
        "qs": {
            "version": "6.7.0",
            "resolved": "http://rnpm.hz.netease.com/qs/download/qs-6.7.0.tgz",
            "integrity": "sha1-QdwaAV49WB8WIXdr4xr7KHapsbw=",
            "dev": true
        },
        "vue-property-decorator": {
            "version": "8.1.1",
            "resolved": "http://rnpm.hz.netease.com/vue-property-decorator/download/vue-property-decorator-8.1.1.tgz",
            "integrity": "sha1-gNrb5f+g5+tqC6CgcDY2VHGn1e4=",
            "requires": {
                "vue-class-component": "^7.0.1"
            },
            "dependencies": {
                "vue-class-component": {
                    "version": "7.1.0",
                    "resolved": "http://rnpm.hz.netease.com/vue-class-component/download/vue-class-component-7.1.0.tgz",
                    "integrity": "sha1-sz78sQ4XI21oT3Cx6W8ZRux5Poc="
                }
            }
        }
    }
}
